// !$*UTF8*$!
{
	archiveVersion = 1;
	classes = {
	};
	objectVersion = 77;
	objects = {

/* Begin PBXBuildFile section */
		5B2414582FBC9E9E001F377B /* DIContainer in Frameworks */ = {isa = PBXBuildFile; productRef = 5B2414572FBC9E9E001F377B /* DIContainer */; };
/* End PBXBuildFile section */

/* Begin PBXContainerItemProxy section */
		5B1D80BF2FB747E3003598CE /* PBXContainerItemProxy */ = {
			isa = PBXContainerItemProxy;
			containerPortal = 5B1D80A92FB747E2003598CE /* Project object */;
			proxyType = 1;
			remoteGlobalIDString = 5B1D80B02FB747E2003598CE;
			remoteInfo = Abyssal6;
		};
		5B1D80C92FB747E3003598CE /* PBXContainerItemProxy */ = {
			isa = PBXContainerItemProxy;
			containerPortal = 5B1D80A92FB747E2003598CE /* Project object */;
			proxyType = 1;
			remoteGlobalIDString = 5B1D80B02FB747E2003598CE;
			remoteInfo = Abyssal6;
		};
/* End PBXContainerItemProxy section */

/* Begin PBXFileReference section */
		5B1D80B12FB747E2003598CE /* Abyssal6.app */ = {isa = PBXFileReference; explicitFileType = wrapper.application; includeInIndex = 0; path = Abyssal6.app; sourceTree = BUILT_PRODUCTS_DIR; };
		5B1D80BE2FB747E3003598CE /* Abyssal6Tests.xctest */ = {isa = PBXFileReference; explicitFileType = wrapper.cfbundle; includeInIndex = 0; path = Abyssal6Tests.xctest; sourceTree = BUILT_PRODUCTS_DIR; };
		5B1D80C82FB747E3003598CE /* Abyssal6UITests.xctest */ = {isa = PBXFileReference; explicitFileType = wrapper.cfbundle; includeInIndex = 0; path = Abyssal6UITests.xctest; sourceTree = BUILT_PRODUCTS_DIR; };
/* End PBXFileReference section */

/* Begin PBXFileSystemSynchronizedRootGroup section */
		5B1D80B32FB747E2003598CE /* Abyssal6 */ = {
			isa = PBXFileSystemSynchronizedRootGroup;
			path = Abyssal6;
			sourceTree = "<group>";
		};
		5B1D80C12FB747E3003598CE /* Abyssal6Tests */ = {
			isa = PBXFileSystemSynchronizedRootGroup;
			path = Abyssal6Tests;
			sourceTree = "<group>";
		};
		5B1D80CB2FB747E3003598CE /* Abyssal6UITests */ = {
			isa = PBXFileSystemSynchronizedRootGroup;
			path = Abyssal6UITests;
			sourceTree = "<group>";
		};
/* End PBXFileSystemSynchronizedRootGroup section */

/* Begin PBXFrameworksBuildPhase section */
		5B1D80AE2FB747E2003598CE /* Frameworks */ = {
			isa = PBXFrameworksBuildPhase;
			buildActionMask = 2147483647;
			files = (
				5B2414582FBC9E9E001F377B /* DIContainer in Frameworks */,
			);
			runOnlyForDeploymentPostprocessing = 0;
		};
		5B1D80BB2FB747E3003598CE /* Frameworks */ = {
			isa = PBXFrameworksBuildPhase;
			buildActionMask = 2147483647;
			files = (
			);
			runOnlyForDeploymentPostprocessing = 0;
		};
		5B1D80C52FB747E3003598CE /* Frameworks */ = {
			isa = PBXFrameworksBuildPhase;
			buildActionMask = 2147483647;
			files = (
			);
			runOnlyForDeploymentPostprocessing = 0;
		};
/* End PBXFrameworksBuildPhase section */

/* Begin PBXGroup section */
		5B1D80A82FB747E2003598CE = {
			isa = PBXGroup;
			children = (
				5B1D80B32FB747E2003598CE /* Abyssal6 */,
				5B1D80C12FB747E3003598CE /* Abyssal6Tests */,
				5B1D80CB2FB747E3003598CE /* Abyssal6UITests */,
				5B1D80B22FB747E2003598CE /* Products */,
			);
			sourceTree = "<group>";
		};
		5B1D80B22FB747E2003598CE /* Products */ = {
			isa = PBXGroup;
			children = (
				5B1D80B12FB747E2003598CE /* Abyssal6.app */,
				5B1D80BE2FB747E3003598CE /* Abyssal6Tests.xctest */,
				5B1D80C82FB747E3003598CE /* Abyssal6UITests.xctest */,
			);
			name = Products;
			sourceTree = "<group>";
		};
/* End PBXGroup section */

/* Begin PBXNativeTarget section */
		5B1D80B02FB747E2003598CE /* Abyssal6 */ = {
			isa = PBXNativeTarget;
			buildConfigurationList = 5B1D80D22FB747E3003598CE /* Build configuration list for PBXNativeTarget "Abyssal6" */;
			buildPhases = (
				5B1D80AD2FB747E2003598CE /* Sources */,
				5B1D80AE2FB747E2003598CE /* Frameworks */,
				5B1D80AF2FB747E2003598CE /* Resources */,
				5B2414C52FBCD0FD001F377B /* ShellScript */,
			);
			buildRules = (
			);
			dependencies = (
			);
			fileSystemSynchronizedGroups = (
				5B1D80B32FB747E2003598CE /* Abyssal6 */,
			);
			name = Abyssal6;
			packageProductDependencies = (
				5B2414572FBC9E9E001F377B /* DIContainer */,
			);
			productName = Abyssal6;
			productReference = 5B1D80B12FB747E2003598CE /* Abyssal6.app */;
			productType = "com.apple.product-type.application";
		};
		5B1D80BD2FB747E3003598CE /* Abyssal6Tests */ = {
			isa = PBXNativeTarget;
			buildConfigurationList = 5B1D80D52FB747E3003598CE /* Build configuration list for PBXNativeTarget "Abyssal6Tests" */;
			buildPhases = (
				5B1D80BA2FB747E3003598CE /* Sources */,
				5B1D80BB2FB747E3003598CE /* Frameworks */,
				5B1D80BC2FB747E3003598CE /* Resources */,
			);
			buildRules = (
			);
			dependencies = (
				5B1D80C02FB747E3003598CE /* PBXTargetDependency */,
			);
			fileSystemSynchronizedGroups = (
				5B1D80C12FB747E3003598CE /* Abyssal6Tests */,
			);
			name = Abyssal6Tests;
			packageProductDependencies = (
			);
			productName = Abyssal6Tests;
			productReference = 5B1D80BE2FB747E3003598CE /* Abyssal6Tests.xctest */;
			productType = "com.apple.product-type.bundle.unit-test";
		};
		5B1D80C72FB747E3003598CE /* Abyssal6UITests */ = {
			isa = PBXNativeTarget;
			buildConfigurationList = 5B1D80D82FB747E3003598CE /* Build configuration list for PBXNativeTarget "Abyssal6UITests" */;
			buildPhases = (
				5B1D80C42FB747E3003598CE /* Sources */,
				5B1D80C52FB747E3003598CE /* Frameworks */,
				5B1D80C62FB747E3003598CE /* Resources */,
			);
			buildRules = (
			);
			dependencies = (
				5B1D80CA2FB747E3003598CE /* PBXTargetDependency */,
			);
			fileSystemSynchronizedGroups = (
				5B1D80CB2FB747E3003598CE /* Abyssal6UITests */,
			);
			name = Abyssal6UITests;
			packageProductDependencies = (
			);
			productName = Abyssal6UITests;
			productReference = 5B1D80C82FB747E3003598CE /* Abyssal6UITests.xctest */;
			productType = "com.apple.product-type.bundle.ui-testing";
		};
/* End PBXNativeTarget section */

/* Begin PBXProject section */
		5B1D80A92FB747E2003598CE /* Project object */ = {
			isa = PBXProject;
			attributes = {
				BuildIndependentTargetsInParallel = 1;
				LastSwiftUpdateCheck = 2650;
				LastUpgradeCheck = 2650;
				TargetAttributes = {
					5B1D80B02FB747E2003598CE = {
						CreatedOnToolsVersion = 26.5;
					};
					5B1D80BD2FB747E3003598CE = {
						CreatedOnToolsVersion = 26.5;
						TestTargetID = 5B1D80B02FB747E2003598CE;
					};
					5B1D80C72FB747E3003598CE = {
						CreatedOnToolsVersion = 26.5;
						TestTargetID = 5B1D80B02FB747E2003598CE;
					};
				};
			};
			buildConfigurationList = 5B1D80AC2FB747E2003598CE /* Build configuration list for PBXProject "Abyssal6" */;
			developmentRegion = en;
			hasScannedForEncodings = 0;
			knownRegions = (
				en,
				Base,
			);
			mainGroup = 5B1D80A82FB747E2003598CE;
			minimizedProjectReferenceProxies = 1;
			packageReferences = (
				5B2414562FBC9E9E001F377B /* XCLocalSwiftPackageReference "Packages/DIContainer" */,
			);
			preferredProjectObjectVersion = 77;
			productRefGroup = 5B1D80B22FB747E2003598CE /* Products */;
			projectDirPath = "";
			projectRoot = "";
			targets = (
				5B1D80B02FB747E2003598CE /* Abyssal6 */,
				5B1D80BD2FB747E3003598CE /* Abyssal6Tests */,
				5B1D80C72FB747E3003598CE /* Abyssal6UITests */,
			);
		};
/* End PBXProject section */

/* Begin PBXResourcesBuildPhase section */
		5B1D80AF2FB747E2003598CE /* Resources */ = {
			isa = PBXResourcesBuildPhase;
			buildActionMask = 2147483647;
			files = (
			);
			runOnlyForDeploymentPostprocessing = 0;
		};
		5B1D80BC2FB747E3003598CE /* Resources */ = {
			isa = PBXResourcesBuildPhase;
			buildActionMask = 2147483647;
			files = (
			);
			runOnlyForDeploymentPostprocessing = 0;
		};
		5B1D80C62FB747E3003598CE /* Resources */ = {
			isa = PBXResourcesBuildPhase;
			buildActionMask = 2147483647;
			files = (
			);
			runOnlyForDeploymentPostprocessing = 0;
		};
/* End PBXResourcesBuildPhase section */

/* Begin PBXShellScriptBuildPhase section */
		5B2414C52FBCD0FD001F377B /* ShellScript */ = {
			isa = PBXShellScriptBuildPhase;
			buildActionMask = 2147483647;
			files = (
			);
			inputFileListPaths = (
			);
			inputPaths = (
			);
			outputFileListPaths = (
			);
			outputPaths = (
			);
			runOnlyForDeploymentPostprocessing = 0;
			shellPath = /bin/sh;
			shellScript = "if [ -x \"/opt/homebrew/bin/swiftlint\" ]; then\n  CONFIG_PATH=\"${PROJECT_DIR}/.swiftlint.yml\"\n  \n  if [ -f \"$CONFIG_PATH\" ]; then\n    /opt/homebrew/bin/swiftlint --config \"$CONFIG_PATH\" --quiet\n  else\n    /opt/homebrew/bin/swiftlint --quiet\n  fi\n  \n  # Always succeed – warnings only\n  echo \"SwiftLint completed (warnings may have been issued)\"\nelse\n  echo \"warning: SwiftLint not found at /opt/homebrew/bin/swiftlint\"\nfi\n";
		};
/* End PBXShellScriptBuildPhase section */

/* Begin PBXSourcesBuildPhase section */
		5B1D80AD2FB747E2003598CE /* Sources */ = {
			isa = PBXSourcesBuildPhase;
			buildActionMask = 2147483647;
			files = (
			);
			runOnlyForDeploymentPostprocessing = 0;
		};
		5B1D80BA2FB747E3003598CE /* Sources */ = {
			isa = PBXSourcesBuildPhase;
			buildActionMask = 2147483647;
			files = (
			);
			runOnlyForDeploymentPostprocessing = 0;
		};
		5B1D80C42FB747E3003598CE /* Sources */ = {
			isa = PBXSourcesBuildPhase;
			buildActionMask = 2147483647;
			files = (
			);
			runOnlyForDeploymentPostprocessing = 0;
		};
/* End PBXSourcesBuildPhase section */

/* Begin PBXTargetDependency section */
		5B1D80C02FB747E3003598CE /* PBXTargetDependency */ = {
			isa = PBXTargetDependency;
			target = 5B1D80B02FB747E2003598CE /* Abyssal6 */;
			targetProxy = 5B1D80BF2FB747E3003598CE /* PBXContainerItemProxy */;
		};
		5B1D80CA2FB747E3003598CE /* PBXTargetDependency */ = {
			isa = PBXTargetDependency;
			target = 5B1D80B02FB747E2003598CE /* Abyssal6 */;
			targetProxy = 5B1D80C92FB747E3003598CE /* PBXContainerItemProxy */;
		};
/* End PBXTargetDependency section */

/* Begin XCBuildConfiguration section */
		5B1D80D02FB747E3003598CE /* Debug */ = {
			isa = XCBuildConfiguration;
			buildSettings = {
				ALWAYS_SEARCH_USER_PATHS = NO;
				ASSETCATALOG_COMPILER_GENERATE_SWIFT_ASSET_SYMBOL_EXTENSIONS = YES;
				CLANG_ANALYZER_NONNULL = YES;
				CLANG_ANALYZER_NUMBER_OBJECT_CONVERSION = YES_AGGRESSIVE;
				CLANG_CXX_LANGUAGE_STANDARD = "gnu++20";
				CLANG_ENABLE_MODULES = YES;
				CLANG_ENABLE_OBJC_ARC = YES;
				CLANG_ENABLE_OBJC_WEAK = YES;
				CLANG_WARN_BLOCK_CAPTURE_AUTORELEASING = YES;
				CLANG_WARN_BOOL_CONVERSION = YES;
				CLANG_WARN_COMMA = YES;
				CLANG_WARN_CONSTANT_CONVERSION = YES;
				CLANG_WARN_DEPRECATED_OBJC_IMPLEMENTATIONS = YES;
				CLANG_WARN_DIRECT_OBJC_ISA_USAGE = YES_ERROR;
				CLANG_WARN_DOCUMENTATION_COMMENTS = YES;
				CLANG_WARN_EMPTY_BODY = YES;
				CLANG_WARN_ENUM_CONVERSION = YES;
				CLANG_WARN_INFINITE_RECURSION = YES;
				CLANG_WARN_INT_CONVERSION = YES;
				CLANG_WARN_NON_LITERAL_NULL_CONVERSION = YES;
				CLANG_WARN_OBJC_IMPLICIT_RETAIN_SELF = YES;
				CLANG_WARN_OBJC_LITERAL_CONVERSION = YES;
				CLANG_WARN_OBJC_ROOT_CLASS = YES_ERROR;
				CLANG_WARN_QUOTED_INCLUDE_IN_FRAMEWORK_HEADER = YES;
				CLANG_WARN_RANGE_LOOP_ANALYSIS = YES;
				CLANG_WARN_STRICT_PROTOTYPES = YES;
				CLANG_WARN_SUSPICIOUS_MOVE = YES;
				CLANG_WARN_UNGUARDED_AVAILABILITY = YES_AGGRESSIVE;
				CLANG_WARN_UNREACHABLE_CODE = YES;
				CLANG_WARN__DUPLICATE_METHOD_MATCH = YES;
				COPY_PHASE_STRIP = NO;
				DEBUG_INFORMATION_FORMAT = dwarf;
				DEVELOPMENT_TEAM = MBM8NLR735;
				ENABLE_STRICT_OBJC_MSGSEND = YES;
				ENABLE_TESTABILITY = YES;
				ENABLE_USER_SCRIPT_SANDBOXING = YES;
				GCC_C_LANGUAGE_STANDARD = gnu17;
				GCC_DYNAMIC_NO_PIC = NO;
				GCC_NO_COMMON_BLOCKS = YES;
				GCC_OPTIMIZATION_LEVEL = 0;
				GCC_PREPROCESSOR_DEFINITIONS = (
					"DEBUG=1",
					"$(inherited)",
				);
				GCC_WARN_64_TO_32_BIT_CONVERSION = YES;
				GCC_WARN_ABOUT_RETURN_TYPE = YES_ERROR;
				GCC_WARN_UNDECLARED_SELECTOR = YES;
				GCC_WARN_UNINITIALIZED_AUTOS = YES_AGGRESSIVE;
				GCC_WARN_UNUSED_FUNCTION = YES;
				GCC_WARN_UNUSED_VARIABLE = YES;
				IPHONEOS_DEPLOYMENT_TARGET = 26.5;
				LOCALIZATION_PREFERS_STRING_CATALOGS = YES;
				MTL_ENABLE_DEBUG_INFO = INCLUDE_SOURCE;
				MTL_FAST_MATH = YES;
				ONLY_ACTIVE_ARCH = YES;
				SDKROOT = iphoneos;
				SWIFT_ACTIVE_COMPILATION_CONDITIONS = "DEBUG $(inherited)";
				SWIFT_OPTIMIZATION_LEVEL = "-Onone";
			};
			name = Debug;
		};
		5B1D80D12FB747E3003598CE /* Release */ = {
			isa = XCBuildConfiguration;
			buildSettings = {
				ALWAYS_SEARCH_USER_PATHS = NO;
				ASSETCATALOG_COMPILER_GENERATE_SWIFT_ASSET_SYMBOL_EXTENSIONS = YES;
				CLANG_ANALYZER_NONNULL = YES;
				CLANG_ANALYZER_NUMBER_OBJECT_CONVERSION = YES_AGGRESSIVE;
				CLANG_CXX_LANGUAGE_STANDARD = "gnu++20";
				CLANG_ENABLE_MODULES = YES;
				CLANG_ENABLE_OBJC_ARC = YES;
				CLANG_ENABLE_OBJC_WEAK = YES;
				CLANG_WARN_BLOCK_CAPTURE_AUTORELEASING = YES;
				CLANG_WARN_BOOL_CONVERSION = YES;
				CLANG_WARN_COMMA = YES;
				CLANG_WARN_CONSTANT_CONVERSION = YES;
				CLANG_WARN_DEPRECATED_OBJC_IMPLEMENTATIONS = YES;
				CLANG_WARN_DIRECT_OBJC_ISA_USAGE = YES_ERROR;
				CLANG_WARN_DOCUMENTATION_COMMENTS = YES;
				CLANG_WARN_EMPTY_BODY = YES;
				CLANG_WARN_ENUM_CONVERSION = YES;
				CLANG_WARN_INFINITE_RECURSION = YES;
				CLANG_WARN_INT_CONVERSION = YES;
				CLANG_WARN_NON_LITERAL_NULL_CONVERSION = YES;
				CLANG_WARN_OBJC_IMPLICIT_RETAIN_SELF = YES;
				CLANG_WARN_OBJC_LITERAL_CONVERSION = YES;
				CLANG_WARN_OBJC_ROOT_CLASS = YES_ERROR;
				CLANG_WARN_QUOTED_INCLUDE_IN_FRAMEWORK_HEADER = YES;
				CLANG_WARN_RANGE_LOOP_ANALYSIS = YES;
				CLANG_WARN_STRICT_PROTOTYPES = YES;
				CLANG_WARN_SUSPICIOUS_MOVE = YES;
				CLANG_WARN_UNGUARDED_AVAILABILITY = YES_AGGRESSIVE;
				CLANG_WARN_UNREACHABLE_CODE = YES;
				CLANG_WARN__DUPLICATE_METHOD_MATCH = YES;
				COPY_PHASE_STRIP = NO;
				DEBUG_INFORMATION_FORMAT = "dwarf-with-dsym";
				DEVELOPMENT_TEAM = MBM8NLR735;
				ENABLE_NS_ASSERTIONS = NO;
				ENABLE_STRICT_OBJC_MSGSEND = YES;
				ENABLE_USER_SCRIPT_SANDBOXING = YES;
				GCC_C_LANGUAGE_STANDARD = gnu17;
				GCC_NO_COMMON_BLOCKS = YES;
				GCC_WARN_64_TO_32_BIT_CONVERSION = YES;
				GCC_WARN_ABOUT_RETURN_TYPE = YES_ERROR;
				GCC_WARN_UNDECLARED_SELECTOR = YES;
				GCC_WARN_UNINITIALIZED_AUTOS = YES_AGGRESSIVE;
				GCC_WARN_UNUSED_FUNCTION = YES;
				GCC_WARN_UNUSED_VARIABLE = YES;
				IPHONEOS_DEPLOYMENT_TARGET = 26.5;
				LOCALIZATION_PREFERS_STRING_CATALOGS = YES;
				MTL_ENABLE_DEBUG_INFO = NO;
				MTL_FAST_MATH = YES;
				SDKROOT = iphoneos;
				SWIFT_COMPILATION_MODE = wholemodule;
				VALIDATE_PRODUCT = YES;
			};
			name = Release;
		};
		5B1D80D32FB747E3003598CE /* Debug */ = {
			isa = XCBuildConfiguration;
			buildSettings = {
				ASSETCATALOG_COMPILER_APPICON_NAME = AppIcon;
				ASSETCATALOG_COMPILER_GLOBAL_ACCENT_COLOR_NAME = AccentColor;
				CODE_SIGN_STYLE = Automatic;
				CURRENT_PROJECT_VERSION = 1;
				DEVELOPMENT_TEAM = MBM8NLR735;
				ENABLE_PREVIEWS = YES;
				ENABLE_USER_SCRIPT_SANDBOXING = NO;
				GENERATE_INFOPLIST_FILE = YES;
				INFOPLIST_KEY_UIApplicationSceneManifest_Generation = YES;
				INFOPLIST_KEY_UIApplicationSupportsIndirectInputEvents = YES;
				INFOPLIST_KEY_UILaunchScreen_Generation = YES;
				INFOPLIST_KEY_UISupportedInterfaceOrientations = "UIInterfaceOrientationLandscapeLeft UIInterfaceOrientationLandscapeRight";
				LD_RUNPATH_SEARCH_PATHS = (
					"$(inherited)",
					"@executable_path/Frameworks",
				);
				MARKETING_VERSION = 1.0;
				PRODUCT_BUNDLE_IDENTIFIER = Home.org.Abyssal6;
				PRODUCT_NAME = "$(TARGET_NAME)";
				STRING_CATALOG_GENERATE_SYMBOLS = YES;
				SWIFT_APPROACHABLE_CONCURRENCY = YES;
				SWIFT_DEFAULT_ACTOR_ISOLATION = MainActor;
				SWIFT_EMIT_LOC_STRINGS = YES;
				SWIFT_UPCOMING_FEATURE_MEMBER_IMPORT_VISIBILITY = YES;
				SWIFT_VERSION = 5.0;
				TARGETED_DEVICE_FAMILY = "1,2";
			};
			name = Debug;
		};
		5B1D80D42FB747E3003598CE /* Release */ = {
			isa = XCBuildConfiguration;
			buildSettings = {
				ASSETCATALOG_COMPILER_APPICON_NAME = AppIcon;
				ASSETCATALOG_COMPILER_GLOBAL_ACCENT_COLOR_NAME = AccentColor;
				CODE_SIGN_STYLE = Automatic;
				CURRENT_PROJECT_VERSION = 1;
				DEVELOPMENT_TEAM = MBM8NLR735;
				ENABLE_PREVIEWS = YES;
				ENABLE_USER_SCRIPT_SANDBOXING = NO;
				GENERATE_INFOPLIST_FILE = YES;
				INFOPLIST_KEY_UIApplicationSceneManifest_Generation = YES;
				INFOPLIST_KEY_UIApplicationSupportsIndirectInputEvents = YES;
				INFOPLIST_KEY_UILaunchScreen_Generation = YES;
				INFOPLIST_KEY_UISupportedInterfaceOrientations = "UIInterfaceOrientationLandscapeLeft UIInterfaceOrientationLandscapeRight";
				LD_RUNPATH_SEARCH_PATHS = (
					"$(inherited)",
					"@executable_path/Frameworks",
				);
				MARKETING_VERSION = 1.0;
				PRODUCT_BUNDLE_IDENTIFIER = Home.org.Abyssal6;
				PRODUCT_NAME = "$(TARGET_NAME)";
				STRING_CATALOG_GENERATE_SYMBOLS = YES;
				SWIFT_APPROACHABLE_CONCURRENCY = YES;
				SWIFT_DEFAULT_ACTOR_ISOLATION = MainActor;
				SWIFT_EMIT_LOC_STRINGS = YES;
				SWIFT_UPCOMING_FEATURE_MEMBER_IMPORT_VISIBILITY = YES;
				SWIFT_VERSION = 5.0;
				TARGETED_DEVICE_FAMILY = "1,2";
			};
			name = Release;
		};
		5B1D80D62FB747E3003598CE /* Debug */ = {
			isa = XCBuildConfiguration;
			buildSettings = {
				BUNDLE_LOADER = "$(TEST_HOST)";
				CODE_SIGN_STYLE = Automatic;
				CURRENT_PROJECT_VERSION = 1;
				DEVELOPMENT_TEAM = MBM8NLR735;
				GENERATE_INFOPLIST_FILE = YES;
				IPHONEOS_DEPLOYMENT_TARGET = 26.5;
				MARKETING_VERSION = 1.0;
				PRODUCT_BUNDLE_IDENTIFIER = Home.org.Abyssal6Tests;
				PRODUCT_NAME = "$(TARGET_NAME)";
				STRING_CATALOG_GENERATE_SYMBOLS = NO;
				SWIFT_APPROACHABLE_CONCURRENCY = YES;
				SWIFT_EMIT_LOC_STRINGS = NO;
				SWIFT_UPCOMING_FEATURE_MEMBER_IMPORT_VISIBILITY = YES;
				SWIFT_VERSION = 5.0;
				TARGETED_DEVICE_FAMILY = "1,2";
				TEST_HOST = "$(BUILT_PRODUCTS_DIR)/Abyssal6.app/$(BUNDLE_EXECUTABLE_FOLDER_PATH)/Abyssal6";
			};
			name = Debug;
		};
		5B1D80D72FB747E3003598CE /* Release */ = {
			isa = XCBuildConfiguration;
			buildSettings = {
				BUNDLE_LOADER = "$(TEST_HOST)";
				CODE_SIGN_STYLE = Automatic;
				CURRENT_PROJECT_VERSION = 1;
				DEVELOPMENT_TEAM = MBM8NLR735;
				GENERATE_INFOPLIST_FILE = YES;
				IPHONEOS_DEPLOYMENT_TARGET = 26.5;
				MARKETING_VERSION = 1.0;
				PRODUCT_BUNDLE_IDENTIFIER = Home.org.Abyssal6Tests;
				PRODUCT_NAME = "$(TARGET_NAME)";
				STRING_CATALOG_GENERATE_SYMBOLS = NO;
				SWIFT_APPROACHABLE_CONCURRENCY = YES;
				SWIFT_EMIT_LOC_STRINGS = NO;
				SWIFT_UPCOMING_FEATURE_MEMBER_IMPORT_VISIBILITY = YES;
				SWIFT_VERSION = 5.0;
				TARGETED_DEVICE_FAMILY = "1,2";
				TEST_HOST = "$(BUILT_PRODUCTS_DIR)/Abyssal6.app/$(BUNDLE_EXECUTABLE_FOLDER_PATH)/Abyssal6";
			};
			name = Release;
		};
		5B1D80D92FB747E3003598CE /* Debug */ = {
			isa = XCBuildConfiguration;
			buildSettings = {
				CODE_SIGN_STYLE = Automatic;
				CURRENT_PROJECT_VERSION = 1;
				DEVELOPMENT_TEAM = MBM8NLR735;
				GENERATE_INFOPLIST_FILE = YES;
				MARKETING_VERSION = 1.0;
				PRODUCT_BUNDLE_IDENTIFIER = Home.org.Abyssal6UITests;
				PRODUCT_NAME = "$(TARGET_NAME)";
				STRING_CATALOG_GENERATE_SYMBOLS = NO;
				SWIFT_APPROACHABLE_CONCURRENCY = YES;
				SWIFT_EMIT_LOC_STRINGS = NO;
				SWIFT_UPCOMING_FEATURE_MEMBER_IMPORT_VISIBILITY = YES;
				SWIFT_VERSION = 5.0;
				TARGETED_DEVICE_FAMILY = "1,2";
				TEST_TARGET_NAME = Abyssal6;
			};
			name = Debug;
		};
		5B1D80DA2FB747E3003598CE /* Release */ = {
			isa = XCBuildConfiguration;
			buildSettings = {
				CODE_SIGN_STYLE = Automatic;
				CURRENT_PROJECT_VERSION = 1;
				DEVELOPMENT_TEAM = MBM8NLR735;
				GENERATE_INFOPLIST_FILE = YES;
				MARKETING_VERSION = 1.0;
				PRODUCT_BUNDLE_IDENTIFIER = Home.org.Abyssal6UITests;
				PRODUCT_NAME = "$(TARGET_NAME)";
				STRING_CATALOG_GENERATE_SYMBOLS = NO;
				SWIFT_APPROACHABLE_CONCURRENCY = YES;
				SWIFT_EMIT_LOC_STRINGS = NO;
				SWIFT_UPCOMING_FEATURE_MEMBER_IMPORT_VISIBILITY = YES;
				SWIFT_VERSION = 5.0;
				TARGETED_DEVICE_FAMILY = "1,2";
				TEST_TARGET_NAME = Abyssal6;
			};
			name = Release;
		};
/* End XCBuildConfiguration section */

/* Begin XCConfigurationList section */
		5B1D80AC2FB747E2003598CE /* Build configuration list for PBXProject "Abyssal6" */ = {
			isa = XCConfigurationList;
			buildConfigurations = (
				5B1D80D02FB747E3003598CE /* Debug */,
				5B1D80D12FB747E3003598CE /* Release */,
			);
			defaultConfigurationIsVisible = 0;
			defaultConfigurationName = Release;
		};
		5B1D80D22FB747E3003598CE /* Build configuration list for PBXNativeTarget "Abyssal6" */ = {
			isa = XCConfigurationList;
			buildConfigurations = (
				5B1D80D32FB747E3003598CE /* Debug */,
				5B1D80D42FB747E3003598CE /* Release */,
			);
			defaultConfigurationIsVisible = 0;
			defaultConfigurationName = Release;
		};
		5B1D80D52FB747E3003598CE /* Build configuration list for PBXNativeTarget "Abyssal6Tests" */ = {
			isa = XCConfigurationList;
			buildConfigurations = (
				5B1D80D62FB747E3003598CE /* Debug */,
				5B1D80D72FB747E3003598CE /* Release */,
			);
			defaultConfigurationIsVisible = 0;
			defaultConfigurationName = Release;
		};
		5B1D80D82FB747E3003598CE /* Build configuration list for PBXNativeTarget "Abyssal6UITests" */ = {
			isa = XCConfigurationList;
			buildConfigurations = (
				5B1D80D92FB747E3003598CE /* Debug */,
				5B1D80DA2FB747E3003598CE /* Release */,
			);
			defaultConfigurationIsVisible = 0;
			defaultConfigurationName = Release;
		};
/* End XCConfigurationList section */

/* Begin XCLocalSwiftPackageReference section */
		5B2414562FBC9E9E001F377B /* XCLocalSwiftPackageReference "Packages/DIContainer" */ = {
			isa = XCLocalSwiftPackageReference;
			relativePath = Packages/DIContainer;
		};
/* End XCLocalSwiftPackageReference section */

/* Begin XCSwiftPackageProductDependency section */
		5B2414572FBC9E9E001F377B /* DIContainer */ = {
			isa = XCSwiftPackageProductDependency;
			productName = DIContainer;
		};
/* End XCSwiftPackageProductDependency section */
	};
	rootObject = 5B1D80A92FB747E2003598CE /* Project object */;
}
